dependencies:
  espressif/mdns:
    component_hash: e81ca7a7f53ea34e78274df054da692c272e1315572876b237b1748e267c013b
    dependencies:
    - name: idf
      require: private
      version: '>=5.0'
    source:
      registry_url: https://components.espressif.com/
      type: service
    version: 1.11.3
  idf:
    source:
      type: idf
    version: 5.4.1
  joltwallet/littlefs:
    component_hash: 3af20a3d75c49db9dc2286fd50862c34055c9f578419ad1f2bf7ed3ed01391fe
    dependencies:
    - name: idf
      require: private
      version: '>=5.0'
    source:
      registry_url: https://components.espressif.com/
      type: service
    version: 1.22.3
  thorrak/esp_wifi_config:
    component_hash: 3dc6f3471f4eeebaf7f93a9431e4c3a593a8e2303550efb07538e4da5d8f9fe9
    dependencies:
    - name: idf
      require: private
      version: '>=5.4'
    source:
      registry_url: https://components.espressif.com/
      type: service
    targets:
    - esp32
    - esp32s2
    - esp32s3
    - esp32c3
    - esp32c6
    - esp32h2
    version: 0.2.0
direct_dependencies:
- espressif/mdns
- idf
- joltwallet/littlefs
- thorrak/esp_wifi_config
manifest_hash: bb9d45376b9524657a756daee7de0665cbb074ee106273a111de9514378d6e1c
target: esp32s3
version: 2.0.0
